<?xml version="1.0" encoding="utf-8"?>
<Project ToolsVersion="4.0" xmlns="http://schemas.microsoft.com/developer/msbuild/2003">
  <ItemGroup>
    <Filter Include="소스 파일">
      <UniqueIdentifier>{4FC737F1-C7A5-4376-A066-2A32D752A2FF}</UniqueIdentifier>
      <Extensions>cpp;c;cc;cxx;c++;cppm;ixx;def;odl;idl;hpj;bat;asm;asmx</Extensions>
    </Filter>
    <Filter Include="헤더 파일">
      <UniqueIdentifier>{93995380-89BD-4b04-88EB-625FBE52EBFB}</UniqueIdentifier>
      <Extensions>h;hh;hpp;hxx;h++;hm;inl;inc;ipp;xsd</Extensions>
    </Filter>
    <Filter Include="리소스 파일">
      <UniqueIdentifier>{67DA6AB6-F800-4c08-8B7A-83BB121AAD01}</UniqueIdentifier>
      <Extensions>rc;ico;cur;bmp;dlg;rc2;rct;bin;rgs;gif;jpg;jpeg;jpe;resx;tiff;tif;png;wav;mfcribbon-ms</Extensions>
    </Filter>
    <Filter Include="MainGame">
      <UniqueIdentifier>{896f9533-993f-430f-a5bb-88128c4fa2fd}</UniqueIdentifier>
    </Filter>
    <Filter Include="2DFrameWork">
      <UniqueIdentifier>{3d7f4ce1-77d5-4392-a75d-50151a4ce2aa}</UniqueIdentifier>
    </Filter>
    <Filter Include="2DFrameWork\Manager">
      <UniqueIdentifier>{cb0c7b8d-3b59-4e2d-9527-850c74b3d5ef}</UniqueIdentifier>
    </Filter>
    <Filter Include="2DFrameWork\Timer">
      <UniqueIdentifier>{4f8f9213-86ff-48ae-ac8a-cc78c8032ed8}</UniqueIdentifier>
    </Filter>
    <Filter Include="2DFrameWork\Image">
      <UniqueIdentifier>{549c524a-7f0a-4531-8b06-427e9d2ba18c}</UniqueIdentifier>
    </Filter>
    <Filter Include="2DFrameWork\Animation">
      <UniqueIdentifier>{5b983df8-1857-4adc-a0db-81c28cbbb7a1}</UniqueIdentifier>
    </Filter>
    <Filter Include="MainGame\Scene">
      <UniqueIdentifier>{da98538c-e337-4357-b2c4-b1f8aec531ee}</UniqueIdentifier>
    </Filter>
    <Filter Include="2DFrameWork\Button">
      <UniqueIdentifier>{ace42f44-cca2-4ce8-953c-8f1f3050c554}</UniqueIdentifier>
    </Filter>
    <Filter Include="2DFrameWork\Scene">
      <UniqueIdentifier>{d35c4b11-88bd-4258-86dd-22b1bd68cda4}</UniqueIdentifier>
    </Filter>
    <Filter Include="GLFrameWork">
      <UniqueIdentifier>{94e33f7c-4cee-43ef-89e4-952e29080a76}</UniqueIdentifier>
    </Filter>
    <Filter Include="GLFrameWork\Camera3D">
      <UniqueIdentifier>{e07ffde3-429b-46d6-9104-c74635b73841}</UniqueIdentifier>
    </Filter>
    <Filter Include="GLFrameWork\Shader">
      <UniqueIdentifier>{a7678590-22cc-4b01-88a6-2a932c625ca4}</UniqueIdentifier>
    </Filter>
    <Filter Include="GLFrameWork\Texture">
      <UniqueIdentifier>{ca62b113-7fec-46c3-97aa-85f124a34488}</UniqueIdentifier>
    </Filter>
    <Filter Include="GLFrameWork\Camera">
      <UniqueIdentifier>{f62a6598-a5fc-4ac4-be5d-337509381762}</UniqueIdentifier>
    </Filter>
    <Filter Include="MainGame\Shader">
      <UniqueIdentifier>{f328a868-77ea-4aa0-97ae-30a1463613d3}</UniqueIdentifier>
    </Filter>
    <Filter Include="GLFrameWork\Image">
      <UniqueIdentifier>{554ab6e3-78db-4b50-92f5-b809b51d07f0}</UniqueIdentifier>
    </Filter>
    <Filter Include="MainGame\Character">
      <UniqueIdentifier>{65ea402a-7da0-47ca-9f02-cc6c540403f0}</UniqueIdentifier>
    </Filter>
    <Filter Include="MainGame\Scene\LightingScene">
      <UniqueIdentifier>{3588c314-9f5e-47c2-a652-50e5161a12bd}</UniqueIdentifier>
    </Filter>
    <Filter Include="MainGame\Scene\TitleScene">
      <UniqueIdentifier>{b8d7c194-5a70-496d-a3b2-f40803de2c84}</UniqueIdentifier>
    </Filter>
    <Filter Include="MainGame\Scene\TenCubeSpaceScene">
      <UniqueIdentifier>{b1ec984b-f8c3-4f95-89bf-afde80f704c9}</UniqueIdentifier>
    </Filter>
    <Filter Include="MainGame\Scene\LoadingScene1">
      <UniqueIdentifier>{e97c33fa-b240-4787-a74b-1ea93b1eb440}</UniqueIdentifier>
    </Filter>
    <Filter Include="MainGame\Scene\TileMapToolScene">
      <UniqueIdentifier>{a3f88dd2-0ea1-4233-aa3f-3e223fb21030}</UniqueIdentifier>
    </Filter>
    <Filter Include="MainGame\Scene\PlayScene">
      <UniqueIdentifier>{533fe382-1ad8-4ff8-b730-28348027c827}</UniqueIdentifier>
    </Filter>
    <Filter Include="GLFrameWork\UI">
      <UniqueIdentifier>{9d2c7c8f-18c1-473e-ae8f-502674d68784}</UniqueIdentifier>
    </Filter>
    <Filter Include="MainGame\UI">
      <UniqueIdentifier>{c53c5724-0256-4215-b8e8-c4b64e6514c7}</UniqueIdentifier>
    </Filter>
    <Filter Include="MainGame\Tile">
      <UniqueIdentifier>{59f27837-67e1-44a7-b47a-035f26772753}</UniqueIdentifier>
    </Filter>
    <Filter Include="MainGame\Entity">
      <UniqueIdentifier>{99aaed30-0b8c-4d00-9f1d-4b95d3a8ff82}</UniqueIdentifier>
    </Filter>
    <Filter Include="MainGame\Entity\Ore">
      <UniqueIdentifier>{146395d1-b902-4ffc-9653-8bf2f9318799}</UniqueIdentifier>
    </Filter>
    <Filter Include="GLFrameWork\TextRenderer">
      <UniqueIdentifier>{3cf64f20-07ad-40a1-9540-fa1707684808}</UniqueIdentifier>
    </Filter>
    <Filter Include="GLFrameWork\Light">
      <UniqueIdentifier>{320186c3-c873-43f3-80cd-1c43613725b8}</UniqueIdentifier>
    </Filter>
  </ItemGroup>
  <ItemGroup>
    <ClInclude Include="framework.h">
      <Filter>헤더 파일</Filter>
    </ClInclude>
    <ClInclude Include="GameNode.h">
      <Filter>2DFrameWork</Filter>
    </ClInclude>
    <ClInclude Include="MainGame.h">
      <Filter>MainGame</Filter>
    </ClInclude>
    <ClInclude Include="Singleton.h">
      <Filter>2DFrameWork\Manager</Filter>
    </ClInclude>
    <ClInclude Include="Timer.h">
      <Filter>2DFrameWork\Timer</Filter>
    </ClInclude>
    <ClInclude Include="Image.h">
      <Filter>2DFrameWork\Image</Filter>
    </ClInclude>
    <ClInclude Include="Animation.h">
      <Filter>2DFrameWork\Animation</Filter>
    </ClInclude>
    <ClInclude Include="Button.h">
      <Filter>2DFrameWork\Button</Filter>
    </ClInclude>
    <ClInclude Include="ButtonFunction.h">
      <Filter>2DFrameWork\Button</Filter>
    </ClInclude>
    <ClInclude Include="KeyManager.h">
      <Filter>2DFrameWork\Manager</Filter>
    </ClInclude>
    <ClInclude Include="SoundManager.h">
      <Filter>2DFrameWork\Manager</Filter>
    </ClInclude>
    <ClInclude Include="Shader.h">
      <Filter>GLFrameWork\Shader</Filter>
    </ClInclude>
    <ClInclude Include="Scene.h">
      <Filter>2DFrameWork\Scene</Filter>
    </ClInclude>
    <ClInclude Include="Texture.h">
      <Filter>GLFrameWork\Texture</Filter>
    </ClInclude>
    <ClInclude Include="TextureManager.h">
      <Filter>GLFrameWork\Texture</Filter>
    </ClInclude>
    <ClInclude Include="ImageManager.h">
      <Filter>2DFrameWork\Image</Filter>
    </ClInclude>
    <ClInclude Include="SceneManager.h">
      <Filter>2DFrameWork\Scene</Filter>
    </ClInclude>
    <ClInclude Include="TimerManager.h">
      <Filter>2DFrameWork\Timer</Filter>
    </ClInclude>
    <ClInclude Include="FreeCamera.h">
      <Filter>GLFrameWork\Camera3D</Filter>
    </ClInclude>
    <ClInclude Include="Camera.h">
      <Filter>GLFrameWork\Camera</Filter>
    </ClInclude>
    <ClInclude Include="GLImage.h">
      <Filter>GLFrameWork\Image</Filter>
    </ClInclude>
    <ClInclude Include="Character.h">
      <Filter>MainGame\Character</Filter>
    </ClInclude>
    <ClInclude Include="LightingScene.h">
      <Filter>MainGame\Scene\LightingScene</Filter>
    </ClInclude>
    <ClInclude Include="TitleScene.h">
      <Filter>MainGame\Scene\TitleScene</Filter>
    </ClInclude>
    <ClInclude Include="TenCubeSpaceScene.h">
      <Filter>MainGame\Scene\TenCubeSpaceScene</Filter>
    </ClInclude>
    <ClInclude Include="LoadingScene1.h">
      <Filter>MainGame\Scene\LoadingScene1</Filter>
    </ClInclude>
    <ClInclude Include="PlayScene.h">
      <Filter>MainGame\Scene\PlayScene</Filter>
    </ClInclude>
    <ClInclude Include="TileMapToolScene.h">
      <Filter>MainGame\Scene\TileMapToolScene</Filter>
    </ClInclude>
    <ClInclude Include="UI.h">
      <Filter>GLFrameWork\UI</Filter>
    </ClInclude>
    <ClInclude Include="CharacterUI.h">
      <Filter>MainGame\UI</Filter>
    </ClInclude>
    <ClInclude Include="Tile.h">
      <Filter>MainGame\Tile</Filter>
    </ClInclude>
    <ClInclude Include="InventorySlotUI.h">
      <Filter>MainGame\UI</Filter>
    </ClInclude>
    <ClInclude Include="Ore.h">
      <Filter>MainGame\Entity\Ore</Filter>
    </ClInclude>
    <ClInclude Include="TileRenderer.h">
      <Filter>MainGame\Tile</Filter>
    </ClInclude>
    <ClInclude Include="TextRenderer.h">
      <Filter>GLFrameWork\TextRenderer</Filter>
    </ClInclude>
    <ClInclude Include="Chunk.h">
      <Filter>MainGame\Tile</Filter>
    </ClInclude>
    <ClInclude Include="PointLight.h">
      <Filter>GLFrameWork\Light</Filter>
    </ClInclude>
    <ClInclude Include="DirectionalLight.h">
      <Filter>GLFrameWork\Light</Filter>
    </ClInclude>
  </ItemGroup>
  <ItemGroup>
    <ClCompile Include="GameNode.cpp">
      <Filter>2DFrameWork</Filter>
    </ClCompile>
    <ClCompile Include="MainGame.cpp">
      <Filter>MainGame</Filter>
    </ClCompile>
    <ClCompile Include="Timer.cpp">
      <Filter>2DFrameWork\Timer</Filter>
    </ClCompile>
    <ClCompile Include="Image.cpp">
      <Filter>2DFrameWork\Image</Filter>
    </ClCompile>
    <ClCompile Include="Animation.cpp">
      <Filter>2DFrameWork\Animation</Filter>
    </ClCompile>
    <ClCompile Include="Button.cpp">
      <Filter>2DFrameWork\Button</Filter>
    </ClCompile>
    <ClCompile Include="ButtonFunction.cpp">
      <Filter>2DFrameWork\Button</Filter>
    </ClCompile>
    <ClCompile Include="KeyManager.cpp">
      <Filter>2DFrameWork\Manager</Filter>
    </ClCompile>
    <ClCompile Include="SoundManager.cpp">
      <Filter>2DFrameWork\Manager</Filter>
    </ClCompile>
    <ClCompile Include="Shader.cpp">
      <Filter>GLFrameWork\Shader</Filter>
    </ClCompile>
    <ClCompile Include="Scene.cpp">
      <Filter>2DFrameWork\Scene</Filter>
    </ClCompile>
    <ClCompile Include="Texture.cpp">
      <Filter>GLFrameWork\Texture</Filter>
    </ClCompile>
    <ClCompile Include="TextureManager.cpp">
      <Filter>GLFrameWork\Texture</Filter>
    </ClCompile>
    <ClCompile Include="ImageManager.cpp">
      <Filter>2DFrameWork\Image</Filter>
    </ClCompile>
    <ClCompile Include="SceneManager.cpp">
      <Filter>2DFrameWork\Scene</Filter>
    </ClCompile>
    <ClCompile Include="TimerManager.cpp">
      <Filter>2DFrameWork\Timer</Filter>
    </ClCompile>
    <ClCompile Include="Factorio-Imitation.cpp">
      <Filter>소스 파일</Filter>
    </ClCompile>
    <ClCompile Include="FreeCamera.cpp">
      <Filter>GLFrameWork\Camera3D</Filter>
    </ClCompile>
    <ClCompile Include="Camera.cpp">
      <Filter>GLFrameWork\Camera</Filter>
    </ClCompile>
    <ClCompile Include="GLImage.cpp">
      <Filter>GLFrameWork\Image</Filter>
    </ClCompile>
    <ClCompile Include="Character.cpp">
      <Filter>MainGame\Character</Filter>
    </ClCompile>
    <ClCompile Include="LightingScene.cpp">
      <Filter>MainGame\Scene\LightingScene</Filter>
    </ClCompile>
    <ClCompile Include="TitleScene.cpp">
      <Filter>MainGame\Scene\TitleScene</Filter>
    </ClCompile>
    <ClCompile Include="TenCubeSpaceScene.cpp">
      <Filter>MainGame\Scene\TenCubeSpaceScene</Filter>
    </ClCompile>
    <ClCompile Include="LoadingScene1.cpp">
      <Filter>MainGame\Scene\LoadingScene1</Filter>
    </ClCompile>
    <ClCompile Include="PlayScene.cpp">
      <Filter>MainGame\Scene\PlayScene</Filter>
    </ClCompile>
    <ClCompile Include="TileMapToolScene.cpp">
      <Filter>MainGame\Scene\TileMapToolScene</Filter>
    </ClCompile>
    <ClCompile Include="UI.cpp">
      <Filter>GLFrameWork\UI</Filter>
    </ClCompile>
    <ClCompile Include="CharacterUI.cpp">
      <Filter>MainGame\UI</Filter>
    </ClCompile>
    <ClCompile Include="Tile.cpp">
      <Filter>MainGame\Tile</Filter>
    </ClCompile>
    <ClCompile Include="InventorySlotUI.cpp">
      <Filter>MainGame\UI</Filter>
    </ClCompile>
    <ClCompile Include="Ore.cpp">
      <Filter>MainGame\Entity\Ore</Filter>
    </ClCompile>
    <ClCompile Include="TileRenderer.cpp">
      <Filter>MainGame\Tile</Filter>
    </ClCompile>
    <ClCompile Include="TextRenderer.cpp">
      <Filter>GLFrameWork\TextRenderer</Filter>
    </ClCompile>
    <ClCompile Include="Chunk.cpp">
      <Filter>MainGame\Tile</Filter>
    </ClCompile>
    <ClCompile Include="PointLight.cpp">
      <Filter>GLFrameWork\Light</Filter>
    </ClCompile>
    <ClCompile Include="DirectionalLight.cpp">
      <Filter>GLFrameWork\Light</Filter>
    </ClCompile>
  </ItemGroup>
  <ItemGroup>
    <None Include="1.colors.frag">
      <Filter>MainGame\Shader</Filter>
    </None>
    <None Include="1.colors.vert">
      <Filter>MainGame\Shader</Filter>
    </None>
    <None Include="1.light_cube.frag">
      <Filter>MainGame\Shader</Filter>
    </None>
    <None Include="1.light_cube.vert">
      <Filter>MainGame\Shader</Filter>
    </None>
    <None Include="SimpleFragmentShader.glsl">
      <Filter>MainGame\Shader</Filter>
    </None>
    <None Include="SimpleVertexShader.glsl">
      <Filter>MainGame\Shader</Filter>
    </None>
    <None Include="StandardFragmentShader.glsl">
      <Filter>MainGame\Shader</Filter>
    </None>
    <None Include="StandardVertexShader.glsl">
      <Filter>MainGame\Shader</Filter>
    </None>
    <None Include="UIVertexShader.glsl">
      <Filter>MainGame\Shader</Filter>
    </None>
    <None Include="UIFragmentShader.glsl">
      <Filter>MainGame\Shader</Filter>
    </None>
    <None Include="Text2DVertexShader.glsl">
      <Filter>MainGame\Shader</Filter>
    </None>
    <None Include="Text2DFragmentShader.glsl">
      <Filter>MainGame\Shader</Filter>
    </None>
    <None Include="InstancingVertexShader.glsl">
      <Filter>MainGame\Shader</Filter>
    </None>
  </ItemGroup>
</Project>