
Microsoft Visual Studio Solution File, Format Version 12.00
# Visual Studio Version 17
VisualStudioVersion = 17.0.32112.339
MinimumVisualStudioVersion = 10.0.40219.1
Project("{8BC9CEB8-8B4A-11D0-8D11-00A0C91BC942}") = "GLFramework", "Projects\GLFramework\GLFramework.vcxproj", "{6F9DAAA0-0322-405C-A917-39E3D9BF194E}"
	ProjectSection(ProjectDependencies) = postProject
		{47E2AB28-A0D2-4CAA-95EB-DD3E1542E795} = {47E2AB28-A0D2-4CAA-95EB-DD3E1542E795}
	EndProjectSection
EndProject
Project("{8BC9CEB8-8B4A-11D0-8D11-00A0C91BC942}") = "Factorio-Imitation", "Projects\Factorio-Imitation\Factorio-Imitation.vcxproj", "{243A1CC8-B066-42E9-9E14-5FFF7D1919FD}"
	ProjectSection(ProjectDependencies) = postProject
		{6F9DAAA0-0322-405C-A917-39E3D9BF194E} = {6F9DAAA0-0322-405C-A917-39E3D9BF194E}
	EndProjectSection
EndProject
Project("{8BC9CEB8-8B4A-11D0-8D11-00A0C91BC942}") = "2DFramework", "Projects\2DFramework\2DFramework.vcxproj", "{47E2AB28-A0D2-4CAA-95EB-DD3E1542E795}"
EndProject
Global
	GlobalSection(SolutionConfigurationPlatforms) = preSolution
		Debug|x64 = Debug|x64
		Debug|x86 = Debug|x86
		Release|x64 = Release|x64
		Release|x86 = Release|x86
	EndGlobalSection
	GlobalSection(ProjectConfigurationPlatforms) = postSolution
		{6F9DAAA0-0322-405C-A917-39E3D9BF194E}.Debug|x64.ActiveCfg = Debug|x64
		{6F9DAAA0-0322-405C-A917-39E3D9BF194E}.Debug|x64.Build.0 = Debug|x64
		{6F9DAAA0-0322-405C-A917-39E3D9BF194E}.Debug|x86.ActiveCfg = Debug|Win32
		{6F9DAAA0-0322-405C-A917-39E3D9BF194E}.Debug|x86.Build.0 = Debug|Win32
		{6F9DAAA0-0322-405C-A917-39E3D9BF194E}.Release|x64.ActiveCfg = Release|x64
		{6F9DAAA0-0322-405C-A917-39E3D9BF194E}.Release|x64.Build.0 = Release|x64
		{6F9DAAA0-0322-405C-A917-39E3D9BF194E}.Release|x86.ActiveCfg = Release|Win32
		{6F9DAAA0-0322-405C-A917-39E3D9BF194E}.Release|x86.Build.0 = Release|Win32
		{243A1CC8-B066-42E9-9E14-5FFF7D1919FD}.Debug|x64.ActiveCfg = Debug|x64
		{243A1CC8-B066-42E9-9E14-5FFF7D1919FD}.Debug|x64.Build.0 = Debug|x64
		{243A1CC8-B066-42E9-9E14-5FFF7D1919FD}.Debug|x86.ActiveCfg = Debug|Win32
		{243A1CC8-B066-42E9-9E14-5FFF7D1919FD}.Debug|x86.Build.0 = Debug|Win32
		{243A1CC8-B066-42E9-9E14-5FFF7D1919FD}.Release|x64.ActiveCfg = Release|x64
		{243A1CC8-B066-42E9-9E14-5FFF7D1919FD}.Release|x64.Build.0 = Release|x64
		{243A1CC8-B066-42E9-9E14-5FFF7D1919FD}.Release|x86.ActiveCfg = Release|Win32
		{243A1CC8-B066-42E9-9E14-5FFF7D1919FD}.Release|x86.Build.0 = Release|Win32
		{47E2AB28-A0D2-4CAA-95EB-DD3E1542E795}.Debug|x64.ActiveCfg = Debug|x64
		{47E2AB28-A0D2-4CAA-95EB-DD3E1542E795}.Debug|x64.Build.0 = Debug|x64
		{47E2AB28-A0D2-4CAA-95EB-DD3E1542E795}.Debug|x86.ActiveCfg = Debug|Win32
		{47E2AB28-A0D2-4CAA-95EB-DD3E1542E795}.Debug|x86.Build.0 = Debug|Win32
		{47E2AB28-A0D2-4CAA-95EB-DD3E1542E795}.Release|x64.ActiveCfg = Release|x64
		{47E2AB28-A0D2-4CAA-95EB-DD3E1542E795}.Release|x64.Build.0 = Release|x64
		{47E2AB28-A0D2-4CAA-95EB-DD3E1542E795}.Release|x86.ActiveCfg = Release|Win32
		{47E2AB28-A0D2-4CAA-95EB-DD3E1542E795}.Release|x86.Build.0 = Release|Win32
	EndGlobalSection
	GlobalSection(SolutionProperties) = preSolution
		HideSolutionNode = FALSE
	EndGlobalSection
	GlobalSection(ExtensibilityGlobals) = postSolution
		SolutionGuid = {F42577F7-6868-4E5D-85ED-85D0FC0555F9}
	EndGlobalSection
EndGlobal
