<?xml version="1.0" encoding="utf-8"?>
<Project ToolsVersion="4.0" xmlns="http://schemas.microsoft.com/developer/msbuild/2003">
  <ItemGroup>
    <Filter Include="소스 파일">
      <UniqueIdentifier>{4FC737F1-C7A5-4376-A066-2A32D752A2FF}</UniqueIdentifier>
      <Extensions>cpp;c;cc;cxx;c++;cppm;ixx;def;odl;idl;hpj;bat;asm;asmx</Extensions>
    </Filter>
    <Filter Include="헤더 파일">
      <UniqueIdentifier>{93995380-89BD-4b04-88EB-625FBE52EBFB}</UniqueIdentifier>
      <Extensions>h;hh;hpp;hxx;h++;hm;inl;inc;ipp;xsd</Extensions>
    </Filter>
    <Filter Include="리소스 파일">
      <UniqueIdentifier>{67DA6AB6-F800-4c08-8B7A-83BB121AAD01}</UniqueIdentifier>
      <Extensions>rc;ico;cur;bmp;dlg;rc2;rct;bin;rgs;gif;jpg;jpeg;jpe;resx;tiff;tif;png;wav;mfcribbon-ms</Extensions>
    </Filter>
    <Filter Include="MainGame">
      <UniqueIdentifier>{896f9533-993f-430f-a5bb-88128c4fa2fd}</UniqueIdentifier>
    </Filter>
    <Filter Include="2DFrameWork">
      <UniqueIdentifier>{3d7f4ce1-77d5-4392-a75d-50151a4ce2aa}</UniqueIdentifier>
    </Filter>
    <Filter Include="2DFrameWork\Manager">
      <UniqueIdentifier>{cb0c7b8d-3b59-4e2d-9527-850c74b3d5ef}</UniqueIdentifier>
    </Filter>
    <Filter Include="2DFrameWork\Timer">
      <UniqueIdentifier>{4f8f9213-86ff-48ae-ac8a-cc78c8032ed8}</UniqueIdentifier>
    </Filter>
    <Filter Include="2DFrameWork\Image">
      <UniqueIdentifier>{549c524a-7f0a-4531-8b06-427e9d2ba18c}</UniqueIdentifier>
    </Filter>
    <Filter Include="2DFrameWork\Animation">
      <UniqueIdentifier>{5b983df8-1857-4adc-a0db-81c28cbbb7a1}</UniqueIdentifier>
    </Filter>
    <Filter Include="MainGame\Scene">
      <UniqueIdentifier>{da98538c-e337-4357-b2c4-b1f8aec531ee}</UniqueIdentifier>
    </Filter>
    <Filter Include="2DFrameWork\Button">
      <UniqueIdentifier>{ace42f44-cca2-4ce8-953c-8f1f3050c554}</UniqueIdentifier>
    </Filter>
    <Filter Include="2DFrameWork\Shader">
      <UniqueIdentifier>{a7678590-22cc-4b01-88a6-2a932c625ca4}</UniqueIdentifier>
    </Filter>
  </ItemGroup>
  <ItemGroup>
    <ClInclude Include="framework.h">
      <Filter>헤더 파일</Filter>
    </ClInclude>
    <ClInclude Include="GameNode.h">
      <Filter>2DFrameWork</Filter>
    </ClInclude>
    <ClInclude Include="MainGame.h">
      <Filter>MainGame</Filter>
    </ClInclude>
    <ClInclude Include="TimerManager.h">
      <Filter>2DFrameWork\Manager</Filter>
    </ClInclude>
    <ClInclude Include="Singleton.h">
      <Filter>2DFrameWork\Manager</Filter>
    </ClInclude>
    <ClInclude Include="Timer.h">
      <Filter>2DFrameWork\Timer</Filter>
    </ClInclude>
    <ClInclude Include="Image.h">
      <Filter>2DFrameWork\Image</Filter>
    </ClInclude>
    <ClInclude Include="SceneManager.h">
      <Filter>2DFrameWork\Manager</Filter>
    </ClInclude>
    <ClInclude Include="Animation.h">
      <Filter>2DFrameWork\Animation</Filter>
    </ClInclude>
    <ClInclude Include="TitleScene.h">
      <Filter>MainGame\Scene</Filter>
    </ClInclude>
    <ClInclude Include="Button.h">
      <Filter>2DFrameWork\Button</Filter>
    </ClInclude>
    <ClInclude Include="ButtonFunction.h">
      <Filter>2DFrameWork\Button</Filter>
    </ClInclude>
    <ClInclude Include="ImageManager.h">
      <Filter>2DFrameWork\Manager</Filter>
    </ClInclude>
    <ClInclude Include="KeyManager.h">
      <Filter>2DFrameWork\Manager</Filter>
    </ClInclude>
    <ClInclude Include="TileMapToolScene.h">
      <Filter>MainGame\Scene</Filter>
    </ClInclude>
    <ClInclude Include="SoundManager.h">
      <Filter>2DFrameWork\Manager</Filter>
    </ClInclude>
    <ClInclude Include="LoadingScene1.h">
      <Filter>MainGame\Scene</Filter>
    </ClInclude>
    <ClInclude Include="Shader.h">
      <Filter>2DFrameWork\Shader</Filter>
    </ClInclude>
  </ItemGroup>
  <ItemGroup>
    <ClCompile Include="Factorio-Imitation.cpp">
      <Filter>소스 파일</Filter>
    </ClCompile>
    <ClCompile Include="GameNode.cpp">
      <Filter>2DFrameWork</Filter>
    </ClCompile>
    <ClCompile Include="MainGame.cpp">
      <Filter>MainGame</Filter>
    </ClCompile>
    <ClCompile Include="TimerManager.cpp">
      <Filter>2DFrameWork\Manager</Filter>
    </ClCompile>
    <ClCompile Include="Timer.cpp">
      <Filter>2DFrameWork\Timer</Filter>
    </ClCompile>
    <ClCompile Include="Image.cpp">
      <Filter>2DFrameWork\Image</Filter>
    </ClCompile>
    <ClCompile Include="SceneManager.cpp">
      <Filter>2DFrameWork\Manager</Filter>
    </ClCompile>
    <ClCompile Include="Animation.cpp">
      <Filter>2DFrameWork\Animation</Filter>
    </ClCompile>
    <ClCompile Include="TitleScene.cpp">
      <Filter>MainGame\Scene</Filter>
    </ClCompile>
    <ClCompile Include="Button.cpp">
      <Filter>2DFrameWork\Button</Filter>
    </ClCompile>
    <ClCompile Include="ButtonFunction.cpp">
      <Filter>2DFrameWork\Button</Filter>
    </ClCompile>
    <ClCompile Include="ImageManager.cpp">
      <Filter>2DFrameWork\Manager</Filter>
    </ClCompile>
    <ClCompile Include="KeyManager.cpp">
      <Filter>2DFrameWork\Manager</Filter>
    </ClCompile>
    <ClCompile Include="TileMapToolScene.cpp">
      <Filter>MainGame\Scene</Filter>
    </ClCompile>
    <ClCompile Include="SoundManager.cpp">
      <Filter>2DFrameWork\Manager</Filter>
    </ClCompile>
    <ClCompile Include="LoadingScene1.cpp">
      <Filter>MainGame\Scene</Filter>
    </ClCompile>
    <ClCompile Include="Shader.cpp">
      <Filter>2DFrameWork\Shader</Filter>
    </ClCompile>
  </ItemGroup>
  <ItemGroup>
    <None Include="SimpleFragmentShader.glsl">
      <Filter>2DFrameWork\Shader</Filter>
    </None>
    <None Include="SimpleVertexShader.glsl">
      <Filter>2DFrameWork\Shader</Filter>
    </None>
  </ItemGroup>
</Project>